// !$*UTF8*$!
{
	archiveVersion = 1;
	classes = {
	};
	objectVersion = 50;
	objects = {

/* Begin PBXBuildFile section */
		CE68A9072285843D00DE8E39 /* AppDelegate.swift in Sources */ = {isa = PBXBuildFile; fileRef = CE68A9062285843D00DE8E39 /* AppDelegate.swift */; };
		CE68A90C2285843D00DE8E39 /* Main.storyboard in Resources */ = {isa = PBXBuildFile; fileRef = CE68A90A2285843D00DE8E39 /* Main.storyboard */; };
		CE68A90E2285843E00DE8E39 /* Assets.xcassets in Resources */ = {isa = PBXBuildFile; fileRef = CE68A90D2285843E00DE8E39 /* Assets.xcassets */; };
		CE68A9112285843E00DE8E39 /* LaunchScreen.storyboard in Resources */ = {isa = PBXBuildFile; fileRef = CE68A90F2285843E00DE8E39 /* LaunchScreen.storyboard */; };
		CE68A91C2285843E00DE8E39 /* StreamLabsDemoTests.swift in Sources */ = {isa = PBXBuildFile; fileRef = CE68A91B2285843E00DE8E39 /* StreamLabsDemoTests.swift */; };
		CE68A927228586C800DE8E39 /* HomeViewController.swift in Sources */ = {isa = PBXBuildFile; fileRef = CE68A926228586C800DE8E39 /* HomeViewController.swift */; };
		CE68A94622859F8D00DE8E39 /* HomeTableViewCell.swift in Sources */ = {isa = PBXBuildFile; fileRef = CE68A94522859F8D00DE8E39 /* HomeTableViewCell.swift */; };
		CE68A9482285A0CC00DE8E39 /* HomeTableViewCell.xib in Resources */ = {isa = PBXBuildFile; fileRef = CE68A9472285A0CC00DE8E39 /* HomeTableViewCell.xib */; };
		CE68A94A2285A9EB00DE8E39 /* CommentsViewController.swift in Sources */ = {isa = PBXBuildFile; fileRef = CE68A9492285A9EB00DE8E39 /* CommentsViewController.swift */; };
		CEA64F4A228689D9000D1F38 /* UserCollectionCell.swift in Sources */ = {isa = PBXBuildFile; fileRef = CEA64F47228689D9000D1F38 /* UserCollectionCell.swift */; };
		CEA64F4B228689D9000D1F38 /* UserCollectionCell.xib in Resources */ = {isa = PBXBuildFile; fileRef = CEA64F48228689D9000D1F38 /* UserCollectionCell.xib */; };
		CEA64F4C228689D9000D1F38 /* UsersViewController.swift in Sources */ = {isa = PBXBuildFile; fileRef = CEA64F49228689D9000D1F38 /* UsersViewController.swift */; };
		CEA64F4E22868C82000D1F38 /* UserModel.swift in Sources */ = {isa = PBXBuildFile; fileRef = CEA64F4D22868C82000D1F38 /* UserModel.swift */; };
/* End PBXBuildFile section */

/* Begin PBXContainerItemProxy section */
		CE68A9182285843E00DE8E39 /* PBXContainerItemProxy */ = {
			isa = PBXContainerItemProxy;
			containerPortal = CE68A8FB2285843D00DE8E39 /* Project object */;
			proxyType = 1;
			remoteGlobalIDString = CE68A9022285843D00DE8E39;
			remoteInfo = StreamLabsDemo;
		};
/* End PBXContainerItemProxy section */

/* Begin PBXFileReference section */
		CE68A9032285843D00DE8E39 /* StreamLabsDemo.app */ = {isa = PBXFileReference; explicitFileType = wrapper.application; includeInIndex = 0; path = StreamLabsDemo.app; sourceTree = BUILT_PRODUCTS_DIR; };
		CE68A9062285843D00DE8E39 /* AppDelegate.swift */ = {isa = PBXFileReference; lastKnownFileType = sourcecode.swift; path = AppDelegate.swift; sourceTree = "<group>"; };
		CE68A90B2285843D00DE8E39 /* Base */ = {isa = PBXFileReference; lastKnownFileType = file.storyboard; name = Base; path = Base.lproj/Main.storyboard; sourceTree = "<group>"; };
		CE68A90D2285843E00DE8E39 /* Assets.xcassets */ = {isa = PBXFileReference; lastKnownFileType = folder.assetcatalog; path = Assets.xcassets; sourceTree = "<group>"; };
		CE68A9102285843E00DE8E39 /* Base */ = {isa = PBXFileReference; lastKnownFileType = file.storyboard; name = Base; path = Base.lproj/LaunchScreen.storyboard; sourceTree = "<group>"; };
		CE68A9122285843E00DE8E39 /* Info.plist */ = {isa = PBXFileReference; lastKnownFileType = text.plist.xml; path = Info.plist; sourceTree = "<group>"; };
		CE68A9172285843E00DE8E39 /* StreamLabsDemoTests.xctest */ = {isa = PBXFileReference; explicitFileType = wrapper.cfbundle; includeInIndex = 0; path = StreamLabsDemoTests.xctest; sourceTree = BUILT_PRODUCTS_DIR; };
		CE68A91B2285843E00DE8E39 /* StreamLabsDemoTests.swift */ = {isa = PBXFileReference; lastKnownFileType = sourcecode.swift; path = StreamLabsDemoTests.swift; sourceTree = "<group>"; };
		CE68A91D2285843E00DE8E39 /* Info.plist */ = {isa = PBXFileReference; lastKnownFileType = text.plist.xml; path = Info.plist; sourceTree = "<group>"; };
		CE68A926228586C800DE8E39 /* HomeViewController.swift */ = {isa = PBXFileReference; fileEncoding = 4; lastKnownFileType = sourcecode.swift; path = HomeViewController.swift; sourceTree = "<group>"; };
		CE68A94522859F8D00DE8E39 /* HomeTableViewCell.swift */ = {isa = PBXFileReference; fileEncoding = 4; lastKnownFileType = sourcecode.swift; path = HomeTableViewCell.swift; sourceTree = "<group>"; };
		CE68A9472285A0CC00DE8E39 /* HomeTableViewCell.xib */ = {isa = PBXFileReference; lastKnownFileType = file.xib; path = HomeTableViewCell.xib; sourceTree = "<group>"; };
		CE68A9492285A9EB00DE8E39 /* CommentsViewController.swift */ = {isa = PBXFileReference; lastKnownFileType = sourcecode.swift; path = CommentsViewController.swift; sourceTree = "<group>"; };
		CEA64F47228689D9000D1F38 /* UserCollectionCell.swift */ = {isa = PBXFileReference; fileEncoding = 4; lastKnownFileType = sourcecode.swift; path = UserCollectionCell.swift; sourceTree = "<group>"; };
		CEA64F48228689D9000D1F38 /* UserCollectionCell.xib */ = {isa = PBXFileReference; fileEncoding = 4; lastKnownFileType = file.xib; path = UserCollectionCell.xib; sourceTree = "<group>"; };
		CEA64F49228689D9000D1F38 /* UsersViewController.swift */ = {isa = PBXFileReference; fileEncoding = 4; lastKnownFileType = sourcecode.swift; path = UsersViewController.swift; sourceTree = "<group>"; };
		CEA64F4D22868C82000D1F38 /* UserModel.swift */ = {isa = PBXFileReference; lastKnownFileType = sourcecode.swift; path = UserModel.swift; sourceTree = "<group>"; };
/* End PBXFileReference section */

/* Begin PBXFrameworksBuildPhase section */
		CE68A9002285843D00DE8E39 /* Frameworks */ = {
			isa = PBXFrameworksBuildPhase;
			buildActionMask = 2147483647;
			files = (
			);
			runOnlyForDeploymentPostprocessing = 0;
		};
		CE68A9142285843E00DE8E39 /* Frameworks */ = {
			isa = PBXFrameworksBuildPhase;
			buildActionMask = 2147483647;
			files = (
			);
			runOnlyForDeploymentPostprocessing = 0;
		};
/* End PBXFrameworksBuildPhase section */

/* Begin PBXGroup section */
		CE68A8FA2285843D00DE8E39 = {
			isa = PBXGroup;
			children = (
				CE68A9052285843D00DE8E39 /* StreamLabsDemo */,
				CE68A91A2285843E00DE8E39 /* StreamLabsDemoTests */,
				CE68A9042285843D00DE8E39 /* Products */,
			);
			sourceTree = "<group>";
		};
		CE68A9042285843D00DE8E39 /* Products */ = {
			isa = PBXGroup;
			children = (
				CE68A9032285843D00DE8E39 /* StreamLabsDemo.app */,
				CE68A9172285843E00DE8E39 /* StreamLabsDemoTests.xctest */,
			);
			name = Products;
			sourceTree = "<group>";
		};
		CE68A9052285843D00DE8E39 /* StreamLabsDemo */ = {
			isa = PBXGroup;
			children = (
				CE68A9062285843D00DE8E39 /* AppDelegate.swift */,
				CEA64F4D22868C82000D1F38 /* UserModel.swift */,
				CEA64F47228689D9000D1F38 /* UserCollectionCell.swift */,
				CEA64F48228689D9000D1F38 /* UserCollectionCell.xib */,
				CEA64F49228689D9000D1F38 /* UsersViewController.swift */,
				CE68A94522859F8D00DE8E39 /* HomeTableViewCell.swift */,
				CE68A9472285A0CC00DE8E39 /* HomeTableViewCell.xib */,
				CE68A9492285A9EB00DE8E39 /* CommentsViewController.swift */,
				CE68A926228586C800DE8E39 /* HomeViewController.swift */,
				CE68A90A2285843D00DE8E39 /* Main.storyboard */,
				CE68A90D2285843E00DE8E39 /* Assets.xcassets */,
				CE68A90F2285843E00DE8E39 /* LaunchScreen.storyboard */,
				CE68A9122285843E00DE8E39 /* Info.plist */,
			);
			path = StreamLabsDemo;
			sourceTree = "<group>";
		};
		CE68A91A2285843E00DE8E39 /* StreamLabsDemoTests */ = {
			isa = PBXGroup;
			children = (
				CE68A91B2285843E00DE8E39 /* StreamLabsDemoTests.swift */,
				CE68A91D2285843E00DE8E39 /* Info.plist */,
			);
			path = StreamLabsDemoTests;
			sourceTree = "<group>";
		};
/* End PBXGroup section */

/* Begin PBXNativeTarget section */
		CE68A9022285843D00DE8E39 /* StreamLabsDemo */ = {
			isa = PBXNativeTarget;
			buildConfigurationList = CE68A9202285843E00DE8E39 /* Build configuration list for PBXNativeTarget "StreamLabsDemo" */;
			buildPhases = (
				CE68A8FF2285843D00DE8E39 /* Sources */,
				CE68A9002285843D00DE8E39 /* Frameworks */,
				CE68A9012285843D00DE8E39 /* Resources */,
			);
			buildRules = (
			);
			dependencies = (
			);
			name = StreamLabsDemo;
			productName = StreamLabsDemo;
			productReference = CE68A9032285843D00DE8E39 /* StreamLabsDemo.app */;
			productType = "com.apple.product-type.application";
		};
		CE68A9162285843E00DE8E39 /* StreamLabsDemoTests */ = {
			isa = PBXNativeTarget;
			buildConfigurationList = CE68A9232285843E00DE8E39 /* Build configuration list for PBXNativeTarget "StreamLabsDemoTests" */;
			buildPhases = (
				CE68A9132285843E00DE8E39 /* Sources */,
				CE68A9142285843E00DE8E39 /* Frameworks */,
				CE68A9152285843E00DE8E39 /* Resources */,
			);
			buildRules = (
			);
			dependencies = (
				CE68A9192285843E00DE8E39 /* PBXTargetDependency */,
			);
			name = StreamLabsDemoTests;
			productName = StreamLabsDemoTests;
			productReference = CE68A9172285843E00DE8E39 /* StreamLabsDemoTests.xctest */;
			productType = "com.apple.product-type.bundle.unit-test";
		};
/* End PBXNativeTarget section */

/* Begin PBXProject section */
		CE68A8FB2285843D00DE8E39 /* Project object */ = {
			isa = PBXProject;
			attributes = {
				LastSwiftUpdateCheck = 1020;
				LastUpgradeCheck = 1020;
				ORGANIZATIONNAME = "Gaganpreet Singh";
				TargetAttributes = {
					CE68A9022285843D00DE8E39 = {
						CreatedOnToolsVersion = 10.2.1;
					};
					CE68A9162285843E00DE8E39 = {
						CreatedOnToolsVersion = 10.2.1;
						TestTargetID = CE68A9022285843D00DE8E39;
					};
				};
			};
			buildConfigurationList = CE68A8FE2285843D00DE8E39 /* Build configuration list for PBXProject "StreamLabsDemo" */;
			compatibilityVersion = "Xcode 9.3";
			developmentRegion = en;
			hasScannedForEncodings = 0;
			knownRegions = (
				en,
				Base,
			);
			mainGroup = CE68A8FA2285843D00DE8E39;
			productRefGroup = CE68A9042285843D00DE8E39 /* Products */;
			projectDirPath = "";
			projectRoot = "";
			targets = (
				CE68A9022285843D00DE8E39 /* StreamLabsDemo */,
				CE68A9162285843E00DE8E39 /* StreamLabsDemoTests */,
			);
		};
/* End PBXProject section */

/* Begin PBXResourcesBuildPhase section */
		CE68A9012285843D00DE8E39 /* Resources */ = {
			isa = PBXResourcesBuildPhase;
			buildActionMask = 2147483647;
			files = (
				CEA64F4B228689D9000D1F38 /* UserCollectionCell.xib in Resources */,
				CE68A9112285843E00DE8E39 /* LaunchScreen.storyboard in Resources */,
				CE68A90E2285843E00DE8E39 /* Assets.xcassets in Resources */,
				CE68A9482285A0CC00DE8E39 /* HomeTableViewCell.xib in Resources */,
				CE68A90C2285843D00DE8E39 /* Main.storyboard in Resources */,
			);
			runOnlyForDeploymentPostprocessing = 0;
		};
		CE68A9152285843E00DE8E39 /* Resources */ = {
			isa = PBXResourcesBuildPhase;
			buildActionMask = 2147483647;
			files = (
			);
			runOnlyForDeploymentPostprocessing = 0;
		};
/* End PBXResourcesBuildPhase section */

/* Begin PBXSourcesBuildPhase section */
		CE68A8FF2285843D00DE8E39 /* Sources */ = {
			isa = PBXSourcesBuildPhase;
			buildActionMask = 2147483647;
			files = (
				CE68A927228586C800DE8E39 /* HomeViewController.swift in Sources */,
				CEA64F4E22868C82000D1F38 /* UserModel.swift in Sources */,
				CE68A9072285843D00DE8E39 /* AppDelegate.swift in Sources */,
				CE68A94622859F8D00DE8E39 /* HomeTableViewCell.swift in Sources */,
				CEA64F4A228689D9000D1F38 /* UserCollectionCell.swift in Sources */,
				CEA64F4C228689D9000D1F38 /* UsersViewController.swift in Sources */,
				CE68A94A2285A9EB00DE8E39 /* CommentsViewController.swift in Sources */,
			);
			runOnlyForDeploymentPostprocessing = 0;
		};
		CE68A9132285843E00DE8E39 /* Sources */ = {
			isa = PBXSourcesBuildPhase;
			buildActionMask = 2147483647;
			files = (
				CE68A91C2285843E00DE8E39 /* StreamLabsDemoTests.swift in Sources */,
			);
			runOnlyForDeploymentPostprocessing = 0;
		};
/* End PBXSourcesBuildPhase section */

/* Begin PBXTargetDependency section */
		CE68A9192285843E00DE8E39 /* PBXTargetDependency */ = {
			isa = PBXTargetDependency;
			target = CE68A9022285843D00DE8E39 /* StreamLabsDemo */;
			targetProxy = CE68A9182285843E00DE8E39 /* PBXContainerItemProxy */;
		};
/* End PBXTargetDependency section */

/* Begin PBXVariantGroup section */
		CE68A90A2285843D00DE8E39 /* Main.storyboard */ = {
			isa = PBXVariantGroup;
			children = (
				CE68A90B2285843D00DE8E39 /* Base */,
			);
			name = Main.storyboard;
			sourceTree = "<group>";
		};
		CE68A90F2285843E00DE8E39 /* LaunchScreen.storyboard */ = {
			isa = PBXVariantGroup;
			children = (
				CE68A9102285843E00DE8E39 /* Base */,
			);
			name = LaunchScreen.storyboard;
			sourceTree = "<group>";
		};
/* End PBXVariantGroup section */

/* Begin XCBuildConfiguration section */
		CE68A91E2285843E00DE8E39 /* Debug */ = {
			isa = XCBuildConfiguration;
			buildSettings = {
				ALWAYS_SEARCH_USER_PATHS = NO;
				CLANG_ANALYZER_NONNULL = YES;
				CLANG_ANALYZER_NUMBER_OBJECT_CONVERSION = YES_AGGRESSIVE;
				CLANG_CXX_LANGUAGE_STANDARD = "gnu++14";
				CLANG_CXX_LIBRARY = "libc++";
				CLANG_ENABLE_MODULES = YES;
				CLANG_ENABLE_OBJC_ARC = YES;
				CLANG_ENABLE_OBJC_WEAK = YES;
				CLANG_WARN_BLOCK_CAPTURE_AUTORELEASING = YES;
				CLANG_WARN_BOOL_CONVERSION = YES;
				CLANG_WARN_COMMA = YES;
				CLANG_WARN_CONSTANT_CONVERSION = YES;
				CLANG_WARN_DEPRECATED_OBJC_IMPLEMENTATIONS = YES;
				CLANG_WARN_DIRECT_OBJC_ISA_USAGE = YES_ERROR;
				CLANG_WARN_DOCUMENTATION_COMMENTS = YES;
				CLANG_WARN_EMPTY_BODY = YES;
				CLANG_WARN_ENUM_CONVERSION = YES;
				CLANG_WARN_INFINITE_RECURSION = YES;
				CLANG_WARN_INT_CONVERSION = YES;
				CLANG_WARN_NON_LITERAL_NULL_CONVERSION = YES;
				CLANG_WARN_OBJC_IMPLICIT_RETAIN_SELF = YES;
				CLANG_WARN_OBJC_LITERAL_CONVERSION = YES;
				CLANG_WARN_OBJC_ROOT_CLASS = YES_ERROR;
				CLANG_WARN_RANGE_LOOP_ANALYSIS = YES;
				CLANG_WARN_STRICT_PROTOTYPES = YES;
				CLANG_WARN_SUSPICIOUS_MOVE = YES;
				CLANG_WARN_UNGUARDED_AVAILABILITY = YES_AGGRESSIVE;
				CLANG_WARN_UNREACHABLE_CODE = YES;
				CLANG_WARN__DUPLICATE_METHOD_MATCH = YES;
				CODE_SIGN_IDENTITY = "iPhone Developer";
				COPY_PHASE_STRIP = NO;
				DEBUG_INFORMATION_FORMAT = dwarf;
				ENABLE_STRICT_OBJC_MSGSEND = YES;
				ENABLE_TESTABILITY = YES;
				GCC_C_LANGUAGE_STANDARD = gnu11;
				GCC_DYNAMIC_NO_PIC = NO;
				GCC_NO_COMMON_BLOCKS = YES;
				GCC_OPTIMIZATION_LEVEL = 0;
				GCC_PREPROCESSOR_DEFINITIONS = (
					"DEBUG=1",
					"$(inherited)",
				);
				GCC_WARN_64_TO_32_BIT_CONVERSION = YES;
				GCC_WARN_ABOUT_RETURN_TYPE = YES_ERROR;
				GCC_WARN_UNDECLARED_SELECTOR = YES;
				GCC_WARN_UNINITIALIZED_AUTOS = YES_AGGRESSIVE;
				GCC_WARN_UNUSED_FUNCTION = YES;
				GCC_WARN_UNUSED_VARIABLE = YES;
				IPHONEOS_DEPLOYMENT_TARGET = 12.2;
				MTL_ENABLE_DEBUG_INFO = INCLUDE_SOURCE;
				MTL_FAST_MATH = YES;
				ONLY_ACTIVE_ARCH = YES;
				SDKROOT = iphoneos;
				SWIFT_ACTIVE_COMPILATION_CONDITIONS = DEBUG;
				SWIFT_OPTIMIZATION_LEVEL = "-Onone";
			};
			name = Debug;
		};
		CE68A91F2285843E00DE8E39 /* Release */ = {
			isa = XCBuildConfiguration;
			buildSettings = {
				ALWAYS_SEARCH_USER_PATHS = NO;
				CLANG_ANALYZER_NONNULL = YES;
				CLANG_ANALYZER_NUMBER_OBJECT_CONVERSION = YES_AGGRESSIVE;
				CLANG_CXX_LANGUAGE_STANDARD = "gnu++14";
				CLANG_CXX_LIBRARY = "libc++";
				CLANG_ENABLE_MODULES = YES;
				CLANG_ENABLE_OBJC_ARC = YES;
				CLANG_ENABLE_OBJC_WEAK = YES;
				CLANG_WARN_BLOCK_CAPTURE_AUTORELEASING = YES;
				CLANG_WARN_BOOL_CONVERSION = YES;
				CLANG_WARN_COMMA = YES;
				CLANG_WARN_CONSTANT_CONVERSION = YES;
				CLANG_WARN_DEPRECATED_OBJC_IMPLEMENTATIONS = YES;
				CLANG_WARN_DIRECT_OBJC_ISA_USAGE = YES_ERROR;
				CLANG_WARN_DOCUMENTATION_COMMENTS = YES;
				CLANG_WARN_EMPTY_BODY = YES;
				CLANG_WARN_ENUM_CONVERSION = YES;
				CLANG_WARN_INFINITE_RECURSION = YES;
				CLANG_WARN_INT_CONVERSION = YES;
				CLANG_WARN_NON_LITERAL_NULL_CONVERSION = YES;
				CLANG_WARN_OBJC_IMPLICIT_RETAIN_SELF = YES;
				CLANG_WARN_OBJC_LITERAL_CONVERSION = YES;
				CLANG_WARN_OBJC_ROOT_CLASS = YES_ERROR;
				CLANG_WARN_RANGE_LOOP_ANALYSIS = YES;
				CLANG_WARN_STRICT_PROTOTYPES = YES;
				CLANG_WARN_SUSPICIOUS_MOVE = YES;
				CLANG_WARN_UNGUARDED_AVAILABILITY = YES_AGGRESSIVE;
				CLANG_WARN_UNREACHABLE_CODE = YES;
				CLANG_WARN__DUPLICATE_METHOD_MATCH = YES;
				CODE_SIGN_IDENTITY = "iPhone Developer";
				COPY_PHASE_STRIP = NO;
				DEBUG_INFORMATION_FORMAT = "dwarf-with-dsym";
				ENABLE_NS_ASSERTIONS = NO;
				ENABLE_STRICT_OBJC_MSGSEND = YES;
				GCC_C_LANGUAGE_STANDARD = gnu11;
				GCC_NO_COMMON_BLOCKS = YES;
				GCC_WARN_64_TO_32_BIT_CONVERSION = YES;
				GCC_WARN_ABOUT_RETURN_TYPE = YES_ERROR;
				GCC_WARN_UNDECLARED_SELECTOR = YES;
				GCC_WARN_UNINITIALIZED_AUTOS = YES_AGGRESSIVE;
				GCC_WARN_UNUSED_FUNCTION = YES;
				GCC_WARN_UNUSED_VARIABLE = YES;
				IPHONEOS_DEPLOYMENT_TARGET = 12.2;
				MTL_ENABLE_DEBUG_INFO = NO;
				MTL_FAST_MATH = YES;
				SDKROOT = iphoneos;
				SWIFT_COMPILATION_MODE = wholemodule;
				SWIFT_OPTIMIZATION_LEVEL = "-O";
				VALIDATE_PRODUCT = YES;
			};
			name = Release;
		};
		CE68A9212285843E00DE8E39 /* Debug */ = {
			isa = XCBuildConfiguration;
			buildSettings = {
				ASSETCATALOG_COMPILER_APPICON_NAME = AppIcon;
				CODE_SIGN_STYLE = Manual;
				DEVELOPMENT_TEAM = "";
				INFOPLIST_FILE = StreamLabsDemo/Info.plist;
				LD_RUNPATH_SEARCH_PATHS = (
					"$(inherited)",
					"@executable_path/Frameworks",
				);
				PRODUCT_BUNDLE_IDENTIFIER = dev.StreamLabsDemo;
				PRODUCT_NAME = "$(TARGET_NAME)";
				PROVISIONING_PROFILE_SPECIFIER = "";
				SWIFT_VERSION = 5.0;
				TARGETED_DEVICE_FAMILY = "1,2";
			};
			name = Debug;
		};
		CE68A9222285843E00DE8E39 /* Release */ = {
			isa = XCBuildConfiguration;
			buildSettings = {
				ASSETCATALOG_COMPILER_APPICON_NAME = AppIcon;
				CODE_SIGN_STYLE = Manual;
				DEVELOPMENT_TEAM = "";
				INFOPLIST_FILE = StreamLabsDemo/Info.plist;
				LD_RUNPATH_SEARCH_PATHS = (
					"$(inherited)",
					"@executable_path/Frameworks",
				);
				PRODUCT_BUNDLE_IDENTIFIER = dev.StreamLabsDemo;
				PRODUCT_NAME = "$(TARGET_NAME)";
				PROVISIONING_PROFILE_SPECIFIER = "";
				SWIFT_VERSION = 5.0;
				TARGETED_DEVICE_FAMILY = "1,2";
			};
			name = Release;
		};
		CE68A9242285843E00DE8E39 /* Debug */ = {
			isa = XCBuildConfiguration;
			buildSettings = {
				ALWAYS_EMBED_SWIFT_STANDARD_LIBRARIES = YES;
				BUNDLE_LOADER = "$(TEST_HOST)";
				CODE_SIGN_STYLE = Automatic;
				DEVELOPMENT_TEAM = 85A7PCKEC5;
				INFOPLIST_FILE = StreamLabsDemoTests/Info.plist;
				LD_RUNPATH_SEARCH_PATHS = (
					"$(inherited)",
					"@executable_path/Frameworks",
					"@loader_path/Frameworks",
				);
				PRODUCT_BUNDLE_IDENTIFIER = dev.StreamLabsDemoTests;
				PRODUCT_NAME = "$(TARGET_NAME)";
				SWIFT_VERSION = 5.0;
				TARGETED_DEVICE_FAMILY = "1,2";
				TEST_HOST = "$(BUILT_PRODUCTS_DIR)/StreamLabsDemo.app/StreamLabsDemo";
			};
			name = Debug;
		};
		CE68A9252285843E00DE8E39 /* Release */ = {
			isa = XCBuildConfiguration;
			buildSettings = {
				ALWAYS_EMBED_SWIFT_STANDARD_LIBRARIES = YES;
				BUNDLE_LOADER = "$(TEST_HOST)";
				CODE_SIGN_STYLE = Automatic;
				DEVELOPMENT_TEAM = 85A7PCKEC5;
				INFOPLIST_FILE = StreamLabsDemoTests/Info.plist;
				LD_RUNPATH_SEARCH_PATHS = (
					"$(inherited)",
					"@executable_path/Frameworks",
					"@loader_path/Frameworks",
				);
				PRODUCT_BUNDLE_IDENTIFIER = dev.StreamLabsDemoTests;
				PRODUCT_NAME = "$(TARGET_NAME)";
				SWIFT_VERSION = 5.0;
				TARGETED_DEVICE_FAMILY = "1,2";
				TEST_HOST = "$(BUILT_PRODUCTS_DIR)/StreamLabsDemo.app/StreamLabsDemo";
			};
			name = Release;
		};
/* End XCBuildConfiguration section */

/* Begin XCConfigurationList section */
		CE68A8FE2285843D00DE8E39 /* Build configuration list for PBXProject "StreamLabsDemo" */ = {
			isa = XCConfigurationList;
			buildConfigurations = (
				CE68A91E2285843E00DE8E39 /* Debug */,
				CE68A91F2285843E00DE8E39 /* Release */,
			);
			defaultConfigurationIsVisible = 0;
			defaultConfigurationName = Release;
		};
		CE68A9202285843E00DE8E39 /* Build configuration list for PBXNativeTarget "StreamLabsDemo" */ = {
			isa = XCConfigurationList;
			buildConfigurations = (
				CE68A9212285843E00DE8E39 /* Debug */,
				CE68A9222285843E00DE8E39 /* Release */,
			);
			defaultConfigurationIsVisible = 0;
			defaultConfigurationName = Release;
		};
		CE68A9232285843E00DE8E39 /* Build configuration list for PBXNativeTarget "StreamLabsDemoTests" */ = {
			isa = XCConfigurationList;
			buildConfigurations = (
				CE68A9242285843E00DE8E39 /* Debug */,
				CE68A9252285843E00DE8E39 /* Release */,
			);
			defaultConfigurationIsVisible = 0;
			defaultConfigurationName = Release;
		};
/* End XCConfigurationList section */
	};
	rootObject = CE68A8FB2285843D00DE8E39 /* Project object */;
}
